// !$*UTF8*$!
{
	archiveVersion = 1;
	classes = {
	};
	objectVersion = 46;
	objects = {

/* Begin PBXBuildFile section */
		3D030F501D360B1300ABCF82 /* SDFeedBackViewController.m in Sources */ = {isa = PBXBuildFile; fileRef = 3D030F091D360B1300ABCF82 /* SDFeedBackViewController.m */; };
		3D030F511D360B1300ABCF82 /* SDInfoViewController.m in Sources */ = {isa = PBXBuildFile; fileRef = 3D030F0C1D360B1300ABCF82 /* SDInfoViewController.m */; };
		3D030F541D360B1300ABCF82 /* SDSetViewController.m in Sources */ = {isa = PBXBuildFile; fileRef = 3D030F131D360B1300ABCF82 /* SDSetViewController.m */; };
		3D030F551D360B1300ABCF82 /* SDActionViewController.m in Sources */ = {isa = PBXBuildFile; fileRef = 3D030F191D360B1300ABCF82 /* SDActionViewController.m */; };
		3D030F561D360B1300ABCF82 /* AppDelegate.m in Sources */ = {isa = PBXBuildFile; fileRef = 3D030F1E1D360B1300ABCF82 /* AppDelegate.m */; };
		3D030F571D360B1300ABCF82 /* SDAddViewController.m in Sources */ = {isa = PBXBuildFile; fileRef = 3D030F231D360B1300ABCF82 /* SDAddViewController.m */; };
		3D030F581D360B1300ABCF82 /* SDDashboardViewController.m in Sources */ = {isa = PBXBuildFile; fileRef = 3D030F251D360B1300ABCF82 /* SDDashboardViewController.m */; };
		3D030F591D360B1300ABCF82 /* SDAddTableViewCell.m in Sources */ = {isa = PBXBuildFile; fileRef = 3D030F291D360B1300ABCF82 /* SDAddTableViewCell.m */; };
		3D030F5A1D360B1300ABCF82 /* back.png in Resources */ = {isa = PBXBuildFile; fileRef = 3D030F2C1D360B1300ABCF82 /* back.png */; };
		3D030F5B1D360B1300ABCF82 /* demoButton.png in Resources */ = {isa = PBXBuildFile; fileRef = 3D030F2D1D360B1300ABCF82 /* demoButton.png */; };
		3D030F5C1D360B1300ABCF82 /* four.png in Resources */ = {isa = PBXBuildFile; fileRef = 3D030F2E1D360B1300ABCF82 /* four.png */; };
		3D030F5D1D360B1300ABCF82 /* iconfont-biji.png in Resources */ = {isa = PBXBuildFile; fileRef = 3D030F2F1D360B1300ABCF82 /* iconfont-biji.png */; };
		3D030F5E1D360B1300ABCF82 /* nav.png in Resources */ = {isa = PBXBuildFile; fileRef = 3D030F301D360B1300ABCF82 /* nav.png */; };
		3D030F5F1D360B1300ABCF82 /* one.png in Resources */ = {isa = PBXBuildFile; fileRef = 3D030F311D360B1300ABCF82 /* one.png */; };
		3D030F601D360B1300ABCF82 /* three.png in Resources */ = {isa = PBXBuildFile; fileRef = 3D030F321D360B1300ABCF82 /* three.png */; };
		3D030F611D360B1300ABCF82 /* two.png in Resources */ = {isa = PBXBuildFile; fileRef = 3D030F331D360B1300ABCF82 /* two.png */; };
		3D030F621D360B1300ABCF82 /* userButton.png in Resources */ = {isa = PBXBuildFile; fileRef = 3D030F341D360B1300ABCF82 /* userButton.png */; };
		3D030F631D360B1300ABCF82 /* userLogin.png in Resources */ = {isa = PBXBuildFile; fileRef = 3D030F351D360B1300ABCF82 /* userLogin.png */; };
		3D030F641D360B1300ABCF82 /* LoginViewController.m in Sources */ = {isa = PBXBuildFile; fileRef = 3D030F391D360B1300ABCF82 /* LoginViewController.m */; };
		3D030F651D360B1300ABCF82 /* SDTabBarViewController.m in Sources */ = {isa = PBXBuildFile; fileRef = 3D030F3B1D360B1300ABCF82 /* SDTabBarViewController.m */; };
		3D030F661D360B1300ABCF82 /* SDUserLoginViewController.m in Sources */ = {isa = PBXBuildFile; fileRef = 3D030F3D1D360B1300ABCF82 /* SDUserLoginViewController.m */; };
		3D030F681D360B1300ABCF82 /* SDReportTableViewCell.m in Sources */ = {isa = PBXBuildFile; fileRef = 3D030F471D360B1300ABCF82 /* SDReportTableViewCell.m */; };
		3D030F691D360B1300ABCF82 /* MBProgressHUD+NJ.m in Sources */ = {isa = PBXBuildFile; fileRef = 3D030F4B1D360B1300ABCF82 /* MBProgressHUD+NJ.m */; };
		3D030F6A1D360B1300ABCF82 /* MBProgressHUD.bundle in Resources */ = {isa = PBXBuildFile; fileRef = 3D030F4C1D360B1300ABCF82 /* MBProgressHUD.bundle */; };
		3D030F6B1D360B1300ABCF82 /* MBProgressHUD.m in Sources */ = {isa = PBXBuildFile; fileRef = 3D030F4E1D360B1300ABCF82 /* MBProgressHUD.m */; };
		3D030F731D36234900ABCF82 /* 12.png in Resources */ = {isa = PBXBuildFile; fileRef = 3D030F721D36234900ABCF82 /* 12.png */; };
		3D030F751D36366F00ABCF82 /* add.png in Resources */ = {isa = PBXBuildFile; fileRef = 3D030F741D36366F00ABCF82 /* add.png */; };
		3D030F7C1D36394600ABCF82 /* SDAddReportViewController.m in Sources */ = {isa = PBXBuildFile; fileRef = 3D030F7B1D36394600ABCF82 /* SDAddReportViewController.m */; };
		3D030F7F1D363D4700ABCF82 /* SDPublic.m in Sources */ = {isa = PBXBuildFile; fileRef = 3D030F7E1D363D4700ABCF82 /* SDPublic.m */; };
		3D4BCC621D37433B005177E9 /* SDReportViewController.m in Sources */ = {isa = PBXBuildFile; fileRef = 3D4BCC5E1D37433B005177E9 /* SDReportViewController.m */; };
		3D4BCC631D37433B005177E9 /* SDRTSectionHeaderViewController.m in Sources */ = {isa = PBXBuildFile; fileRef = 3D4BCC601D37433B005177E9 /* SDRTSectionHeaderViewController.m */; };
		3D4BCC661D374365005177E9 /* SDReportDetailViewController.m in Sources */ = {isa = PBXBuildFile; fileRef = 3D4BCC651D374365005177E9 /* SDReportDetailViewController.m */; };
		3D4BCC6A1D375E22005177E9 /* SDAccountViewController.m in Sources */ = {isa = PBXBuildFile; fileRef = 3D4BCC691D375E22005177E9 /* SDAccountViewController.m */; };
		3D4BCC6D1D375E30005177E9 /* SDUserTableViewCell.m in Sources */ = {isa = PBXBuildFile; fileRef = 3D4BCC6C1D375E30005177E9 /* SDUserTableViewCell.m */; };
		3D661E9E1D3607F900A9A099 /* main.m in Sources */ = {isa = PBXBuildFile; fileRef = 3D661E9D1D3607F900A9A099 /* main.m */; };
		3D661EA71D3607F900A9A099 /* Main.storyboard in Resources */ = {isa = PBXBuildFile; fileRef = 3D661EA51D3607F900A9A099 /* Main.storyboard */; };
		3D661EA91D3607F900A9A099 /* Assets.xcassets in Resources */ = {isa = PBXBuildFile; fileRef = 3D661EA81D3607F900A9A099 /* Assets.xcassets */; };
		3D661EAC1D3607F900A9A099 /* LaunchScreen.storyboard in Resources */ = {isa = PBXBuildFile; fileRef = 3D661EAA1D3607F900A9A099 /* LaunchScreen.storyboard */; };
		3D661EB71D3607F900A9A099 /* SEMPMobileTests.m in Sources */ = {isa = PBXBuildFile; fileRef = 3D661EB61D3607F900A9A099 /* SEMPMobileTests.m */; };
		3D661EC21D3607F900A9A099 /* SEMPMobileUITests.m in Sources */ = {isa = PBXBuildFile; fileRef = 3D661EC11D3607F900A9A099 /* SEMPMobileUITests.m */; };
		A724B69F67DF9315D0BBD703 /* libPods-SEMPMobile.a in Frameworks */ = {isa = PBXBuildFile; fileRef = CB42DD177FBA59486DACD0C3 /* libPods-SEMPMobile.a */; };
/* End PBXBuildFile section */

/* Begin PBXContainerItemProxy section */
		3D661EB31D3607F900A9A099 /* PBXContainerItemProxy */ = {
			isa = PBXContainerItemProxy;
			containerPortal = 3D661E911D3607F900A9A099 /* Project object */;
			proxyType = 1;
			remoteGlobalIDString = 3D661E981D3607F900A9A099;
			remoteInfo = SEMPMobile;
		};
		3D661EBE1D3607F900A9A099 /* PBXContainerItemProxy */ = {
			isa = PBXContainerItemProxy;
			containerPortal = 3D661E911D3607F900A9A099 /* Project object */;
			proxyType = 1;
			remoteGlobalIDString = 3D661E981D3607F900A9A099;
			remoteInfo = SEMPMobile;
		};
/* End PBXContainerItemProxy section */

/* Begin PBXFileReference section */
		034501B7BEEF9B3697E02E03 /* Pods-SEMPMobile.release.xcconfig */ = {isa = PBXFileReference; includeInIndex = 1; lastKnownFileType = text.xcconfig; name = "Pods-SEMPMobile.release.xcconfig"; path = "Pods/Target Support Files/Pods-SEMPMobile/Pods-SEMPMobile.release.xcconfig"; sourceTree = "<group>"; };
		3D030F081D360B1300ABCF82 /* SDFeedBackViewController.h */ = {isa = PBXFileReference; fileEncoding = 4; lastKnownFileType = sourcecode.c.h; path = SDFeedBackViewController.h; sourceTree = "<group>"; };
		3D030F091D360B1300ABCF82 /* SDFeedBackViewController.m */ = {isa = PBXFileReference; fileEncoding = 4; lastKnownFileType = sourcecode.c.objc; path = SDFeedBackViewController.m; sourceTree = "<group>"; };
		3D030F0B1D360B1300ABCF82 /* SDInfoViewController.h */ = {isa = PBXFileReference; fileEncoding = 4; lastKnownFileType = sourcecode.c.h; path = SDInfoViewController.h; sourceTree = "<group>"; };
		3D030F0C1D360B1300ABCF82 /* SDInfoViewController.m */ = {isa = PBXFileReference; fileEncoding = 4; lastKnownFileType = sourcecode.c.objc; path = SDInfoViewController.m; sourceTree = "<group>"; };
		3D030F121D360B1300ABCF82 /* SDSetViewController.h */ = {isa = PBXFileReference; fileEncoding = 4; lastKnownFileType = sourcecode.c.h; path = SDSetViewController.h; sourceTree = "<group>"; };
		3D030F131D360B1300ABCF82 /* SDSetViewController.m */ = {isa = PBXFileReference; fileEncoding = 4; lastKnownFileType = sourcecode.c.objc; path = SDSetViewController.m; sourceTree = "<group>"; };
		3D030F181D360B1300ABCF82 /* SDActionViewController.h */ = {isa = PBXFileReference; fileEncoding = 4; lastKnownFileType = sourcecode.c.h; path = SDActionViewController.h; sourceTree = "<group>"; };
		3D030F191D360B1300ABCF82 /* SDActionViewController.m */ = {isa = PBXFileReference; fileEncoding = 4; lastKnownFileType = sourcecode.c.objc; path = SDActionViewController.m; sourceTree = "<group>"; };
		3D030F1D1D360B1300ABCF82 /* AppDelegate.h */ = {isa = PBXFileReference; fileEncoding = 4; lastKnownFileType = sourcecode.c.h; path = AppDelegate.h; sourceTree = "<group>"; };
		3D030F1E1D360B1300ABCF82 /* AppDelegate.m */ = {isa = PBXFileReference; fileEncoding = 4; lastKnownFileType = sourcecode.c.objc; path = AppDelegate.m; sourceTree = "<group>"; };
		3D030F221D360B1300ABCF82 /* SDAddViewController.h */ = {isa = PBXFileReference; fileEncoding = 4; lastKnownFileType = sourcecode.c.h; path = SDAddViewController.h; sourceTree = "<group>"; };
		3D030F231D360B1300ABCF82 /* SDAddViewController.m */ = {isa = PBXFileReference; fileEncoding = 4; lastKnownFileType = sourcecode.c.objc; path = SDAddViewController.m; sourceTree = "<group>"; };
		3D030F241D360B1300ABCF82 /* SDDashboardViewController.h */ = {isa = PBXFileReference; fileEncoding = 4; lastKnownFileType = sourcecode.c.h; path = SDDashboardViewController.h; sourceTree = "<group>"; };
		3D030F251D360B1300ABCF82 /* SDDashboardViewController.m */ = {isa = PBXFileReference; fileEncoding = 4; lastKnownFileType = sourcecode.c.objc; path = SDDashboardViewController.m; sourceTree = "<group>"; };
		3D030F281D360B1300ABCF82 /* SDAddTableViewCell.h */ = {isa = PBXFileReference; fileEncoding = 4; lastKnownFileType = sourcecode.c.h; path = SDAddTableViewCell.h; sourceTree = "<group>"; };
		3D030F291D360B1300ABCF82 /* SDAddTableViewCell.m */ = {isa = PBXFileReference; fileEncoding = 4; lastKnownFileType = sourcecode.c.objc; path = SDAddTableViewCell.m; sourceTree = "<group>"; };
		3D030F2C1D360B1300ABCF82 /* back.png */ = {isa = PBXFileReference; lastKnownFileType = image.png; path = back.png; sourceTree = "<group>"; };
		3D030F2D1D360B1300ABCF82 /* demoButton.png */ = {isa = PBXFileReference; lastKnownFileType = image.png; path = demoButton.png; sourceTree = "<group>"; };
		3D030F2E1D360B1300ABCF82 /* four.png */ = {isa = PBXFileReference; lastKnownFileType = image.png; path = four.png; sourceTree = "<group>"; };
		3D030F2F1D360B1300ABCF82 /* iconfont-biji.png */ = {isa = PBXFileReference; lastKnownFileType = image.png; path = "iconfont-biji.png"; sourceTree = "<group>"; };
		3D030F301D360B1300ABCF82 /* nav.png */ = {isa = PBXFileReference; lastKnownFileType = image.png; path = nav.png; sourceTree = "<group>"; };
		3D030F311D360B1300ABCF82 /* one.png */ = {isa = PBXFileReference; lastKnownFileType = image.png; path = one.png; sourceTree = "<group>"; };
		3D030F321D360B1300ABCF82 /* three.png */ = {isa = PBXFileReference; lastKnownFileType = image.png; path = three.png; sourceTree = "<group>"; };
		3D030F331D360B1300ABCF82 /* two.png */ = {isa = PBXFileReference; lastKnownFileType = image.png; path = two.png; sourceTree = "<group>"; };
		3D030F341D360B1300ABCF82 /* userButton.png */ = {isa = PBXFileReference; lastKnownFileType = image.png; path = userButton.png; sourceTree = "<group>"; };
		3D030F351D360B1300ABCF82 /* userLogin.png */ = {isa = PBXFileReference; lastKnownFileType = image.png; path = userLogin.png; sourceTree = "<group>"; };
		3D030F381D360B1300ABCF82 /* LoginViewController.h */ = {isa = PBXFileReference; fileEncoding = 4; lastKnownFileType = sourcecode.c.h; path = LoginViewController.h; sourceTree = "<group>"; };
		3D030F391D360B1300ABCF82 /* LoginViewController.m */ = {isa = PBXFileReference; fileEncoding = 4; lastKnownFileType = sourcecode.c.objc; path = LoginViewController.m; sourceTree = "<group>"; };
		3D030F3A1D360B1300ABCF82 /* SDTabBarViewController.h */ = {isa = PBXFileReference; fileEncoding = 4; lastKnownFileType = sourcecode.c.h; path = SDTabBarViewController.h; sourceTree = "<group>"; };
		3D030F3B1D360B1300ABCF82 /* SDTabBarViewController.m */ = {isa = PBXFileReference; fileEncoding = 4; lastKnownFileType = sourcecode.c.objc; path = SDTabBarViewController.m; sourceTree = "<group>"; };
		3D030F3C1D360B1300ABCF82 /* SDUserLoginViewController.h */ = {isa = PBXFileReference; fileEncoding = 4; lastKnownFileType = sourcecode.c.h; path = SDUserLoginViewController.h; sourceTree = "<group>"; };
		3D030F3D1D360B1300ABCF82 /* SDUserLoginViewController.m */ = {isa = PBXFileReference; fileEncoding = 4; lastKnownFileType = sourcecode.c.objc; path = SDUserLoginViewController.m; sourceTree = "<group>"; };
		3D030F461D360B1300ABCF82 /* SDReportTableViewCell.h */ = {isa = PBXFileReference; fileEncoding = 4; lastKnownFileType = sourcecode.c.h; path = SDReportTableViewCell.h; sourceTree = "<group>"; };
		3D030F471D360B1300ABCF82 /* SDReportTableViewCell.m */ = {isa = PBXFileReference; fileEncoding = 4; lastKnownFileType = sourcecode.c.objc; path = SDReportTableViewCell.m; sourceTree = "<group>"; };
		3D030F4A1D360B1300ABCF82 /* MBProgressHUD+NJ.h */ = {isa = PBXFileReference; fileEncoding = 4; lastKnownFileType = sourcecode.c.h; path = "MBProgressHUD+NJ.h"; sourceTree = "<group>"; };
		3D030F4B1D360B1300ABCF82 /* MBProgressHUD+NJ.m */ = {isa = PBXFileReference; fileEncoding = 4; lastKnownFileType = sourcecode.c.objc; path = "MBProgressHUD+NJ.m"; sourceTree = "<group>"; };
		3D030F4C1D360B1300ABCF82 /* MBProgressHUD.bundle */ = {isa = PBXFileReference; lastKnownFileType = "wrapper.plug-in"; path = MBProgressHUD.bundle; sourceTree = "<group>"; };
		3D030F4D1D360B1300ABCF82 /* MBProgressHUD.h */ = {isa = PBXFileReference; fileEncoding = 4; lastKnownFileType = sourcecode.c.h; path = MBProgressHUD.h; sourceTree = "<group>"; };
		3D030F4E1D360B1300ABCF82 /* MBProgressHUD.m */ = {isa = PBXFileReference; fileEncoding = 4; lastKnownFileType = sourcecode.c.objc; path = MBProgressHUD.m; sourceTree = "<group>"; };
		3D030F721D36234900ABCF82 /* 12.png */ = {isa = PBXFileReference; lastKnownFileType = image.png; path = 12.png; sourceTree = "<group>"; };
		3D030F741D36366F00ABCF82 /* add.png */ = {isa = PBXFileReference; lastKnownFileType = image.png; path = add.png; sourceTree = "<group>"; };
		3D030F7A1D36394600ABCF82 /* SDAddReportViewController.h */ = {isa = PBXFileReference; fileEncoding = 4; lastKnownFileType = sourcecode.c.h; path = SDAddReportViewController.h; sourceTree = "<group>"; };
		3D030F7B1D36394600ABCF82 /* SDAddReportViewController.m */ = {isa = PBXFileReference; fileEncoding = 4; lastKnownFileType = sourcecode.c.objc; path = SDAddReportViewController.m; sourceTree = "<group>"; };
		3D030F7D1D363D4700ABCF82 /* SDPublic.h */ = {isa = PBXFileReference; fileEncoding = 4; lastKnownFileType = sourcecode.c.h; path = SDPublic.h; sourceTree = "<group>"; };
		3D030F7E1D363D4700ABCF82 /* SDPublic.m */ = {isa = PBXFileReference; fileEncoding = 4; lastKnownFileType = sourcecode.c.objc; path = SDPublic.m; sourceTree = "<group>"; };
		3D030F801D363F5200ABCF82 /* SEMPMobilePCH.pch */ = {isa = PBXFileReference; lastKnownFileType = sourcecode.c.h; path = SEMPMobilePCH.pch; sourceTree = "<group>"; };
		3D4BCC5D1D37433B005177E9 /* SDReportViewController.h */ = {isa = PBXFileReference; fileEncoding = 4; lastKnownFileType = sourcecode.c.h; path = SDReportViewController.h; sourceTree = "<group>"; };
		3D4BCC5E1D37433B005177E9 /* SDReportViewController.m */ = {isa = PBXFileReference; fileEncoding = 4; lastKnownFileType = sourcecode.c.objc; path = SDReportViewController.m; sourceTree = "<group>"; };
		3D4BCC5F1D37433B005177E9 /* SDRTSectionHeaderViewController.h */ = {isa = PBXFileReference; fileEncoding = 4; lastKnownFileType = sourcecode.c.h; path = SDRTSectionHeaderViewController.h; sourceTree = "<group>"; };
		3D4BCC601D37433B005177E9 /* SDRTSectionHeaderViewController.m */ = {isa = PBXFileReference; fileEncoding = 4; lastKnownFileType = sourcecode.c.objc; path = SDRTSectionHeaderViewController.m; sourceTree = "<group>"; };
		3D4BCC641D374365005177E9 /* SDReportDetailViewController.h */ = {isa = PBXFileReference; fileEncoding = 4; lastKnownFileType = sourcecode.c.h; path = SDReportDetailViewController.h; sourceTree = "<group>"; };
		3D4BCC651D374365005177E9 /* SDReportDetailViewController.m */ = {isa = PBXFileReference; fileEncoding = 4; lastKnownFileType = sourcecode.c.objc; path = SDReportDetailViewController.m; sourceTree = "<group>"; };
		3D4BCC681D375E22005177E9 /* SDAccountViewController.h */ = {isa = PBXFileReference; fileEncoding = 4; lastKnownFileType = sourcecode.c.h; path = SDAccountViewController.h; sourceTree = "<group>"; };
		3D4BCC691D375E22005177E9 /* SDAccountViewController.m */ = {isa = PBXFileReference; fileEncoding = 4; lastKnownFileType = sourcecode.c.objc; path = SDAccountViewController.m; sourceTree = "<group>"; };
		3D4BCC6B1D375E30005177E9 /* SDUserTableViewCell.h */ = {isa = PBXFileReference; fileEncoding = 4; lastKnownFileType = sourcecode.c.h; path = SDUserTableViewCell.h; sourceTree = "<group>"; };
		3D4BCC6C1D375E30005177E9 /* SDUserTableViewCell.m */ = {isa = PBXFileReference; fileEncoding = 4; lastKnownFileType = sourcecode.c.objc; path = SDUserTableViewCell.m; sourceTree = "<group>"; };
		3D661E991D3607F900A9A099 /* SEMPMobile.app */ = {isa = PBXFileReference; explicitFileType = wrapper.application; includeInIndex = 0; path = SEMPMobile.app; sourceTree = BUILT_PRODUCTS_DIR; };
		3D661E9D1D3607F900A9A099 /* main.m */ = {isa = PBXFileReference; lastKnownFileType = sourcecode.c.objc; path = main.m; sourceTree = "<group>"; };
		3D661EA61D3607F900A9A099 /* Base */ = {isa = PBXFileReference; lastKnownFileType = file.storyboard; name = Base; path = Base.lproj/Main.storyboard; sourceTree = "<group>"; };
		3D661EA81D3607F900A9A099 /* Assets.xcassets */ = {isa = PBXFileReference; lastKnownFileType = folder.assetcatalog; path = Assets.xcassets; sourceTree = "<group>"; };
		3D661EAB1D3607F900A9A099 /* Base */ = {isa = PBXFileReference; lastKnownFileType = file.storyboard; name = Base; path = Base.lproj/LaunchScreen.storyboard; sourceTree = "<group>"; };
		3D661EAD1D3607F900A9A099 /* Info.plist */ = {isa = PBXFileReference; lastKnownFileType = text.plist.xml; path = Info.plist; sourceTree = "<group>"; };
		3D661EB21D3607F900A9A099 /* SEMPMobileTests.xctest */ = {isa = PBXFileReference; explicitFileType = wrapper.cfbundle; includeInIndex = 0; path = SEMPMobileTests.xctest; sourceTree = BUILT_PRODUCTS_DIR; };
		3D661EB61D3607F900A9A099 /* SEMPMobileTests.m */ = {isa = PBXFileReference; lastKnownFileType = sourcecode.c.objc; path = SEMPMobileTests.m; sourceTree = "<group>"; };
		3D661EB81D3607F900A9A099 /* Info.plist */ = {isa = PBXFileReference; lastKnownFileType = text.plist.xml; path = Info.plist; sourceTree = "<group>"; };
		3D661EBD1D3607F900A9A099 /* SEMPMobileUITests.xctest */ = {isa = PBXFileReference; explicitFileType = wrapper.cfbundle; includeInIndex = 0; path = SEMPMobileUITests.xctest; sourceTree = BUILT_PRODUCTS_DIR; };
		3D661EC11D3607F900A9A099 /* SEMPMobileUITests.m */ = {isa = PBXFileReference; lastKnownFileType = sourcecode.c.objc; path = SEMPMobileUITests.m; sourceTree = "<group>"; };
		3D661EC31D3607F900A9A099 /* Info.plist */ = {isa = PBXFileReference; lastKnownFileType = text.plist.xml; path = Info.plist; sourceTree = "<group>"; };
		AAF8661063224B0AF5E9C25A /* Pods-SEMPMobile.debug.xcconfig */ = {isa = PBXFileReference; includeInIndex = 1; lastKnownFileType = text.xcconfig; name = "Pods-SEMPMobile.debug.xcconfig"; path = "Pods/Target Support Files/Pods-SEMPMobile/Pods-SEMPMobile.debug.xcconfig"; sourceTree = "<group>"; };
		CB42DD177FBA59486DACD0C3 /* libPods-SEMPMobile.a */ = {isa = PBXFileReference; explicitFileType = archive.ar; includeInIndex = 0; path = "libPods-SEMPMobile.a"; sourceTree = BUILT_PRODUCTS_DIR; };
/* End PBXFileReference section */

/* Begin PBXFrameworksBuildPhase section */
		3D661E961D3607F900A9A099 /* Frameworks */ = {
			isa = PBXFrameworksBuildPhase;
			buildActionMask = 2147483647;
			files = (
				A724B69F67DF9315D0BBD703 /* libPods-SEMPMobile.a in Frameworks */,
			);
			runOnlyForDeploymentPostprocessing = 0;
		};
		3D661EAF1D3607F900A9A099 /* Frameworks */ = {
			isa = PBXFrameworksBuildPhase;
			buildActionMask = 2147483647;
			files = (
			);
			runOnlyForDeploymentPostprocessing = 0;
		};
		3D661EBA1D3607F900A9A099 /* Frameworks */ = {
			isa = PBXFrameworksBuildPhase;
			buildActionMask = 2147483647;
			files = (
			);
			runOnlyForDeploymentPostprocessing = 0;
		};
/* End PBXFrameworksBuildPhase section */

/* Begin PBXGroup section */
		35E455A9BBD1ED0F9ECED9C4 /* Frameworks */ = {
			isa = PBXGroup;
			children = (
				CB42DD177FBA59486DACD0C3 /* libPods-SEMPMobile.a */,
			);
			name = Frameworks;
			sourceTree = "<group>";
		};
		3D030F051D360B1300ABCF82 /* Account */ = {
			isa = PBXGroup;
			children = (
				3D030F061D360B1300ABCF82 /* Controller */,
				3D030F141D360B1300ABCF82 /* Model */,
				3D030F151D360B1300ABCF82 /* View */,
			);
			path = Account;
			sourceTree = "<group>";
		};
		3D030F061D360B1300ABCF82 /* Controller */ = {
			isa = PBXGroup;
			children = (
				3D4BCC671D375E22005177E9 /* Account */,
				3D030F071D360B1300ABCF82 /* Feedback */,
				3D030F0A1D360B1300ABCF82 /* Info */,
				3D030F111D360B1300ABCF82 /* Setting */,
			);
			path = Controller;
			sourceTree = "<group>";
		};
		3D030F071D360B1300ABCF82 /* Feedback */ = {
			isa = PBXGroup;
			children = (
				3D030F081D360B1300ABCF82 /* SDFeedBackViewController.h */,
				3D030F091D360B1300ABCF82 /* SDFeedBackViewController.m */,
			);
			path = Feedback;
			sourceTree = "<group>";
		};
		3D030F0A1D360B1300ABCF82 /* Info */ = {
			isa = PBXGroup;
			children = (
				3D030F0B1D360B1300ABCF82 /* SDInfoViewController.h */,
				3D030F0C1D360B1300ABCF82 /* SDInfoViewController.m */,
			);
			path = Info;
			sourceTree = "<group>";
		};
		3D030F111D360B1300ABCF82 /* Setting */ = {
			isa = PBXGroup;
			children = (
				3D030F121D360B1300ABCF82 /* SDSetViewController.h */,
				3D030F131D360B1300ABCF82 /* SDSetViewController.m */,
			);
			path = Setting;
			sourceTree = "<group>";
		};
		3D030F141D360B1300ABCF82 /* Model */ = {
			isa = PBXGroup;
			children = (
			);
			path = Model;
			sourceTree = "<group>";
		};
		3D030F151D360B1300ABCF82 /* View */ = {
			isa = PBXGroup;
			children = (
				3D4BCC6B1D375E30005177E9 /* SDUserTableViewCell.h */,
				3D4BCC6C1D375E30005177E9 /* SDUserTableViewCell.m */,
			);
			path = View;
			sourceTree = "<group>";
		};
		3D030F161D360B1300ABCF82 /* Action */ = {
			isa = PBXGroup;
			children = (
				3D030F171D360B1300ABCF82 /* Controller */,
				3D030F1A1D360B1300ABCF82 /* Model */,
				3D030F1B1D360B1300ABCF82 /* View */,
			);
			path = Action;
			sourceTree = "<group>";
		};
		3D030F171D360B1300ABCF82 /* Controller */ = {
			isa = PBXGroup;
			children = (
				3D030F181D360B1300ABCF82 /* SDActionViewController.h */,
				3D030F191D360B1300ABCF82 /* SDActionViewController.m */,
			);
			path = Controller;
			sourceTree = "<group>";
		};
		3D030F1A1D360B1300ABCF82 /* Model */ = {
			isa = PBXGroup;
			children = (
			);
			path = Model;
			sourceTree = "<group>";
		};
		3D030F1B1D360B1300ABCF82 /* View */ = {
			isa = PBXGroup;
			children = (
			);
			path = View;
			sourceTree = "<group>";
		};
		3D030F1C1D360B1300ABCF82 /* AppDelegate */ = {
			isa = PBXGroup;
			children = (
				3D030F1D1D360B1300ABCF82 /* AppDelegate.h */,
				3D030F1E1D360B1300ABCF82 /* AppDelegate.m */,
			);
			path = AppDelegate;
			sourceTree = "<group>";
		};
		3D030F1F1D360B1300ABCF82 /* Dashboard */ = {
			isa = PBXGroup;
			children = (
				3D030F201D360B1300ABCF82 /* Controller */,
				3D030F261D360B1300ABCF82 /* Model */,
				3D030F271D360B1300ABCF82 /* View */,
			);
			path = Dashboard;
			sourceTree = "<group>";
		};
		3D030F201D360B1300ABCF82 /* Controller */ = {
			isa = PBXGroup;
			children = (
				3D030F211D360B1300ABCF82 /* Add */,
				3D030F241D360B1300ABCF82 /* SDDashboardViewController.h */,
				3D030F251D360B1300ABCF82 /* SDDashboardViewController.m */,
			);
			path = Controller;
			sourceTree = "<group>";
		};
		3D030F211D360B1300ABCF82 /* Add */ = {
			isa = PBXGroup;
			children = (
				3D030F221D360B1300ABCF82 /* SDAddViewController.h */,
				3D030F231D360B1300ABCF82 /* SDAddViewController.m */,
			);
			path = Add;
			sourceTree = "<group>";
		};
		3D030F261D360B1300ABCF82 /* Model */ = {
			isa = PBXGroup;
			children = (
			);
			path = Model;
			sourceTree = "<group>";
		};
		3D030F271D360B1300ABCF82 /* View */ = {
			isa = PBXGroup;
			children = (
				3D030F281D360B1300ABCF82 /* SDAddTableViewCell.h */,
				3D030F291D360B1300ABCF82 /* SDAddTableViewCell.m */,
			);
			path = View;
			sourceTree = "<group>";
		};
		3D030F2A1D360B1300ABCF82 /* Framework */ = {
			isa = PBXGroup;
			children = (
			);
			path = Framework;
			sourceTree = "<group>";
		};
		3D030F2B1D360B1300ABCF82 /* image */ = {
			isa = PBXGroup;
			children = (
				3D030F741D36366F00ABCF82 /* add.png */,
				3D030F721D36234900ABCF82 /* 12.png */,
				3D030F2C1D360B1300ABCF82 /* back.png */,
				3D030F2D1D360B1300ABCF82 /* demoButton.png */,
				3D030F2E1D360B1300ABCF82 /* four.png */,
				3D030F2F1D360B1300ABCF82 /* iconfont-biji.png */,
				3D030F301D360B1300ABCF82 /* nav.png */,
				3D030F311D360B1300ABCF82 /* one.png */,
				3D030F321D360B1300ABCF82 /* three.png */,
				3D030F331D360B1300ABCF82 /* two.png */,
				3D030F341D360B1300ABCF82 /* userButton.png */,
				3D030F351D360B1300ABCF82 /* userLogin.png */,
			);
			path = image;
			sourceTree = "<group>";
		};
		3D030F361D360B1300ABCF82 /* Login */ = {
			isa = PBXGroup;
			children = (
				3D030F371D360B1300ABCF82 /* Controller */,
				3D030F3E1D360B1300ABCF82 /* Model */,
				3D030F3F1D360B1300ABCF82 /* View */,
			);
			path = Login;
			sourceTree = "<group>";
		};
		3D030F371D360B1300ABCF82 /* Controller */ = {
			isa = PBXGroup;
			children = (
				3D030F381D360B1300ABCF82 /* LoginViewController.h */,
				3D030F391D360B1300ABCF82 /* LoginViewController.m */,
				3D030F3A1D360B1300ABCF82 /* SDTabBarViewController.h */,
				3D030F3B1D360B1300ABCF82 /* SDTabBarViewController.m */,
				3D030F3C1D360B1300ABCF82 /* SDUserLoginViewController.h */,
				3D030F3D1D360B1300ABCF82 /* SDUserLoginViewController.m */,
			);
			path = Controller;
			sourceTree = "<group>";
		};
		3D030F3E1D360B1300ABCF82 /* Model */ = {
			isa = PBXGroup;
			children = (
			);
			path = Model;
			sourceTree = "<group>";
		};
		3D030F3F1D360B1300ABCF82 /* View */ = {
			isa = PBXGroup;
			children = (
			);
			path = View;
			sourceTree = "<group>";
		};
		3D030F401D360B1300ABCF82 /* ReportCenter */ = {
			isa = PBXGroup;
			children = (
				3D030F411D360B1300ABCF82 /* Controller */,
				3D030F441D360B1300ABCF82 /* Model */,
				3D030F451D360B1300ABCF82 /* View */,
			);
			path = ReportCenter;
			sourceTree = "<group>";
		};
		3D030F411D360B1300ABCF82 /* Controller */ = {
			isa = PBXGroup;
			children = (
				3D4BCC5C1D37433B005177E9 /* Report */,
				3D4BCC611D37433B005177E9 /* ReportDetail */,
				3D030F761D36392700ABCF82 /* AddReport */,
			);
			path = Controller;
			sourceTree = "<group>";
		};
		3D030F441D360B1300ABCF82 /* Model */ = {
			isa = PBXGroup;
			children = (
			);
			path = Model;
			sourceTree = "<group>";
		};
		3D030F451D360B1300ABCF82 /* View */ = {
			isa = PBXGroup;
			children = (
				3D030F461D360B1300ABCF82 /* SDReportTableViewCell.h */,
				3D030F471D360B1300ABCF82 /* SDReportTableViewCell.m */,
			);
			path = View;
			sourceTree = "<group>";
		};
		3D030F481D360B1300ABCF82 /* ThirdPart */ = {
			isa = PBXGroup;
			children = (
				3D030F491D360B1300ABCF82 /* MBProgressHUD */,
			);
			path = ThirdPart;
			sourceTree = "<group>";
		};
		3D030F491D360B1300ABCF82 /* MBProgressHUD */ = {
			isa = PBXGroup;
			children = (
				3D030F4A1D360B1300ABCF82 /* MBProgressHUD+NJ.h */,
				3D030F4B1D360B1300ABCF82 /* MBProgressHUD+NJ.m */,
				3D030F4C1D360B1300ABCF82 /* MBProgressHUD.bundle */,
				3D030F4D1D360B1300ABCF82 /* MBProgressHUD.h */,
				3D030F4E1D360B1300ABCF82 /* MBProgressHUD.m */,
			);
			path = MBProgressHUD;
			sourceTree = "<group>";
		};
		3D030F4F1D360B1300ABCF82 /* Tools */ = {
			isa = PBXGroup;
			children = (
				3D030F7D1D363D4700ABCF82 /* SDPublic.h */,
				3D030F7E1D363D4700ABCF82 /* SDPublic.m */,
				3D030F801D363F5200ABCF82 /* SEMPMobilePCH.pch */,
			);
			path = Tools;
			sourceTree = "<group>";
		};
		3D030F761D36392700ABCF82 /* AddReport */ = {
			isa = PBXGroup;
			children = (
				3D030F7A1D36394600ABCF82 /* SDAddReportViewController.h */,
				3D030F7B1D36394600ABCF82 /* SDAddReportViewController.m */,
			);
			path = AddReport;
			sourceTree = "<group>";
		};
		3D4BCC5C1D37433B005177E9 /* Report */ = {
			isa = PBXGroup;
			children = (
				3D4BCC5D1D37433B005177E9 /* SDReportViewController.h */,
				3D4BCC5E1D37433B005177E9 /* SDReportViewController.m */,
				3D4BCC5F1D37433B005177E9 /* SDRTSectionHeaderViewController.h */,
				3D4BCC601D37433B005177E9 /* SDRTSectionHeaderViewController.m */,
			);
			path = Report;
			sourceTree = "<group>";
		};
		3D4BCC611D37433B005177E9 /* ReportDetail */ = {
			isa = PBXGroup;
			children = (
				3D4BCC641D374365005177E9 /* SDReportDetailViewController.h */,
				3D4BCC651D374365005177E9 /* SDReportDetailViewController.m */,
			);
			path = ReportDetail;
			sourceTree = "<group>";
		};
		3D4BCC671D375E22005177E9 /* Account */ = {
			isa = PBXGroup;
			children = (
				3D4BCC681D375E22005177E9 /* SDAccountViewController.h */,
				3D4BCC691D375E22005177E9 /* SDAccountViewController.m */,
			);
			path = Account;
			sourceTree = "<group>";
		};
		3D661E901D3607F900A9A099 = {
			isa = PBXGroup;
			children = (
				3D661E9B1D3607F900A9A099 /* SEMPMobile */,
				3D661EB51D3607F900A9A099 /* SEMPMobileTests */,
				3D661EC01D3607F900A9A099 /* SEMPMobileUITests */,
				3D661E9A1D3607F900A9A099 /* Products */,
				DD05CBB6C5296D9FA71169BF /* Pods */,
				35E455A9BBD1ED0F9ECED9C4 /* Frameworks */,
			);
			sourceTree = "<group>";
		};
		3D661E9A1D3607F900A9A099 /* Products */ = {
			isa = PBXGroup;
			children = (
				3D661E991D3607F900A9A099 /* SEMPMobile.app */,
				3D661EB21D3607F900A9A099 /* SEMPMobileTests.xctest */,
				3D661EBD1D3607F900A9A099 /* SEMPMobileUITests.xctest */,
			);
			name = Products;
			sourceTree = "<group>";
		};
		3D661E9B1D3607F900A9A099 /* SEMPMobile */ = {
			isa = PBXGroup;
			children = (
				3D030F1C1D360B1300ABCF82 /* AppDelegate */,
				3D030F361D360B1300ABCF82 /* Login */,
				3D030F1F1D360B1300ABCF82 /* Dashboard */,
				3D030F401D360B1300ABCF82 /* ReportCenter */,
				3D030F161D360B1300ABCF82 /* Action */,
				3D030F051D360B1300ABCF82 /* Account */,
				3D030F2A1D360B1300ABCF82 /* Framework */,
				3D030F2B1D360B1300ABCF82 /* image */,
				3D030F481D360B1300ABCF82 /* ThirdPart */,
				3D030F4F1D360B1300ABCF82 /* Tools */,
				3D661EA51D3607F900A9A099 /* Main.storyboard */,
				3D661EA81D3607F900A9A099 /* Assets.xcassets */,
				3D661EAA1D3607F900A9A099 /* LaunchScreen.storyboard */,
				3D661EAD1D3607F900A9A099 /* Info.plist */,
				3D661E9C1D3607F900A9A099 /* Supporting Files */,
			);
			path = SEMPMobile;
			sourceTree = "<group>";
		};
		3D661E9C1D3607F900A9A099 /* Supporting Files */ = {
			isa = PBXGroup;
			children = (
				3D661E9D1D3607F900A9A099 /* main.m */,
			);
			name = "Supporting Files";
			sourceTree = "<group>";
		};
		3D661EB51D3607F900A9A099 /* SEMPMobileTests */ = {
			isa = PBXGroup;
			children = (
				3D661EB61D3607F900A9A099 /* SEMPMobileTests.m */,
				3D661EB81D3607F900A9A099 /* Info.plist */,
			);
			path = SEMPMobileTests;
			sourceTree = "<group>";
		};
		3D661EC01D3607F900A9A099 /* SEMPMobileUITests */ = {
			isa = PBXGroup;
			children = (
				3D661EC11D3607F900A9A099 /* SEMPMobileUITests.m */,
				3D661EC31D3607F900A9A099 /* Info.plist */,
			);
			path = SEMPMobileUITests;
			sourceTree = "<group>";
		};
		DD05CBB6C5296D9FA71169BF /* Pods */ = {
			isa = PBXGroup;
			children = (
				AAF8661063224B0AF5E9C25A /* Pods-SEMPMobile.debug.xcconfig */,
				034501B7BEEF9B3697E02E03 /* Pods-SEMPMobile.release.xcconfig */,
			);
			name = Pods;
			sourceTree = "<group>";
		};
/* End PBXGroup section */

/* Begin PBXNativeTarget section */
		3D661E981D3607F900A9A099 /* SEMPMobile */ = {
			isa = PBXNativeTarget;
			buildConfigurationList = 3D661EC61D3607F900A9A099 /* Build configuration list for PBXNativeTarget "SEMPMobile" */;
			buildPhases = (
				0358E9EBB4F26A2A6ACE3DCA /* [CP] Check Pods Manifest.lock */,
				3D661E951D3607F900A9A099 /* Sources */,
				3D661E961D3607F900A9A099 /* Frameworks */,
				3D661E971D3607F900A9A099 /* Resources */,
				FF264EB62D7B03D2F686369D /* [CP] Embed Pods Frameworks */,
				F024EF8F3ABA90466AC6342F /* [CP] Copy Pods Resources */,
			);
			buildRules = (
			);
			dependencies = (
			);
			name = SEMPMobile;
			productName = SEMPMobile;
			productReference = 3D661E991D3607F900A9A099 /* SEMPMobile.app */;
			productType = "com.apple.product-type.application";
		};
		3D661EB11D3607F900A9A099 /* SEMPMobileTests */ = {
			isa = PBXNativeTarget;
			buildConfigurationList = 3D661EC91D3607F900A9A099 /* Build configuration list for PBXNativeTarget "SEMPMobileTests" */;
			buildPhases = (
				3D661EAE1D3607F900A9A099 /* Sources */,
				3D661EAF1D3607F900A9A099 /* Frameworks */,
				3D661EB01D3607F900A9A099 /* Resources */,
			);
			buildRules = (
			);
			dependencies = (
				3D661EB41D3607F900A9A099 /* PBXTargetDependency */,
			);
			name = SEMPMobileTests;
			productName = SEMPMobileTests;
			productReference = 3D661EB21D3607F900A9A099 /* SEMPMobileTests.xctest */;
			productType = "com.apple.product-type.bundle.unit-test";
		};
		3D661EBC1D3607F900A9A099 /* SEMPMobileUITests */ = {
			isa = PBXNativeTarget;
			buildConfigurationList = 3D661ECC1D3607F900A9A099 /* Build configuration list for PBXNativeTarget "SEMPMobileUITests" */;
			buildPhases = (
				3D661EB91D3607F900A9A099 /* Sources */,
				3D661EBA1D3607F900A9A099 /* Frameworks */,
				3D661EBB1D3607F900A9A099 /* Resources */,
			);
			buildRules = (
			);
			dependencies = (
				3D661EBF1D3607F900A9A099 /* PBXTargetDependency */,
			);
			name = SEMPMobileUITests;
			productName = SEMPMobileUITests;
			productReference = 3D661EBD1D3607F900A9A099 /* SEMPMobileUITests.xctest */;
			productType = "com.apple.product-type.bundle.ui-testing";
		};
/* End PBXNativeTarget section */

/* Begin PBXProject section */
		3D661E911D3607F900A9A099 /* Project object */ = {
			isa = PBXProject;
			attributes = {
				CLASSPREFIX = SD;
				LastUpgradeCheck = 0730;
				ORGANIZATIONNAME = "上海数聚";
				TargetAttributes = {
					3D661E981D3607F900A9A099 = {
						CreatedOnToolsVersion = 7.3.1;
					};
					3D661EB11D3607F900A9A099 = {
						CreatedOnToolsVersion = 7.3.1;
						TestTargetID = 3D661E981D3607F900A9A099;
					};
					3D661EBC1D3607F900A9A099 = {
						CreatedOnToolsVersion = 7.3.1;
						TestTargetID = 3D661E981D3607F900A9A099;
					};
				};
			};
			buildConfigurationList = 3D661E941D3607F900A9A099 /* Build configuration list for PBXProject "SEMPMobile" */;
			compatibilityVersion = "Xcode 3.2";
			developmentRegion = English;
			hasScannedForEncodings = 0;
			knownRegions = (
				en,
				Base,
			);
			mainGroup = 3D661E901D3607F900A9A099;
			productRefGroup = 3D661E9A1D3607F900A9A099 /* Products */;
			projectDirPath = "";
			projectRoot = "";
			targets = (
				3D661E981D3607F900A9A099 /* SEMPMobile */,
				3D661EB11D3607F900A9A099 /* SEMPMobileTests */,
				3D661EBC1D3607F900A9A099 /* SEMPMobileUITests */,
			);
		};
/* End PBXProject section */

/* Begin PBXResourcesBuildPhase section */
		3D661E971D3607F900A9A099 /* Resources */ = {
			isa = PBXResourcesBuildPhase;
			buildActionMask = 2147483647;
			files = (
				3D030F731D36234900ABCF82 /* 12.png in Resources */,
				3D030F5A1D360B1300ABCF82 /* back.png in Resources */,
				3D661EAC1D3607F900A9A099 /* LaunchScreen.storyboard in Resources */,
				3D030F751D36366F00ABCF82 /* add.png in Resources */,
				3D661EA91D3607F900A9A099 /* Assets.xcassets in Resources */,
				3D030F5B1D360B1300ABCF82 /* demoButton.png in Resources */,
				3D030F601D360B1300ABCF82 /* three.png in Resources */,
				3D030F5D1D360B1300ABCF82 /* iconfont-biji.png in Resources */,
				3D661EA71D3607F900A9A099 /* Main.storyboard in Resources */,
				3D030F631D360B1300ABCF82 /* userLogin.png in Resources */,
				3D030F611D360B1300ABCF82 /* two.png in Resources */,
				3D030F621D360B1300ABCF82 /* userButton.png in Resources */,
				3D030F5F1D360B1300ABCF82 /* one.png in Resources */,
				3D030F5C1D360B1300ABCF82 /* four.png in Resources */,
				3D030F5E1D360B1300ABCF82 /* nav.png in Resources */,
				3D030F6A1D360B1300ABCF82 /* MBProgressHUD.bundle in Resources */,
			);
			runOnlyForDeploymentPostprocessing = 0;
		};
		3D661EB01D3607F900A9A099 /* Resources */ = {
			isa = PBXResourcesBuildPhase;
			buildActionMask = 2147483647;
			files = (
			);
			runOnlyForDeploymentPostprocessing = 0;
		};
		3D661EBB1D3607F900A9A099 /* Resources */ = {
			isa = PBXResourcesBuildPhase;
			buildActionMask = 2147483647;
			files = (
			);
			runOnlyForDeploymentPostprocessing = 0;
		};
/* End PBXResourcesBuildPhase section */

/* Begin PBXShellScriptBuildPhase section */
		0358E9EBB4F26A2A6ACE3DCA /* [CP] Check Pods Manifest.lock */ = {
			isa = PBXShellScriptBuildPhase;
			buildActionMask = 2147483647;
			files = (
			);
			inputPaths = (
			);
			name = "[CP] Check Pods Manifest.lock";
			outputPaths = (
			);
			runOnlyForDeploymentPostprocessing = 0;
			shellPath = /bin/sh;
			shellScript = "diff \"${PODS_ROOT}/../Podfile.lock\" \"${PODS_ROOT}/Manifest.lock\" > /dev/null\nif [[ $? != 0 ]] ; then\n    cat << EOM\nerror: The sandbox is not in sync with the Podfile.lock. Run 'pod install' or update your CocoaPods installation.\nEOM\n    exit 1\nfi\n";
			showEnvVarsInLog = 0;
		};
		F024EF8F3ABA90466AC6342F /* [CP] Copy Pods Resources */ = {
			isa = PBXShellScriptBuildPhase;
			buildActionMask = 2147483647;
			files = (
			);
			inputPaths = (
			);
			name = "[CP] Copy Pods Resources";
			outputPaths = (
			);
			runOnlyForDeploymentPostprocessing = 0;
			shellPath = /bin/sh;
			shellScript = "\"${SRCROOT}/Pods/Target Support Files/Pods-SEMPMobile/Pods-SEMPMobile-resources.sh\"\n";
			showEnvVarsInLog = 0;
		};
		FF264EB62D7B03D2F686369D /* [CP] Embed Pods Frameworks */ = {
			isa = PBXShellScriptBuildPhase;
			buildActionMask = 2147483647;
			files = (
			);
			inputPaths = (
			);
			name = "[CP] Embed Pods Frameworks";
			outputPaths = (
			);
			runOnlyForDeploymentPostprocessing = 0;
			shellPath = /bin/sh;
			shellScript = "\"${SRCROOT}/Pods/Target Support Files/Pods-SEMPMobile/Pods-SEMPMobile-frameworks.sh\"\n";
			showEnvVarsInLog = 0;
		};
/* End PBXShellScriptBuildPhase section */

/* Begin PBXSourcesBuildPhase section */
		3D661E951D3607F900A9A099 /* Sources */ = {
			isa = PBXSourcesBuildPhase;
			buildActionMask = 2147483647;
			files = (
				3D030F7C1D36394600ABCF82 /* SDAddReportViewController.m in Sources */,
				3D4BCC6A1D375E22005177E9 /* SDAccountViewController.m in Sources */,
				3D030F651D360B1300ABCF82 /* SDTabBarViewController.m in Sources */,
				3D030F501D360B1300ABCF82 /* SDFeedBackViewController.m in Sources */,
				3D030F571D360B1300ABCF82 /* SDAddViewController.m in Sources */,
				3D4BCC621D37433B005177E9 /* SDReportViewController.m in Sources */,
				3D030F661D360B1300ABCF82 /* SDUserLoginViewController.m in Sources */,
				3D030F541D360B1300ABCF82 /* SDSetViewController.m in Sources */,
				3D030F551D360B1300ABCF82 /* SDActionViewController.m in Sources */,
				3D030F681D360B1300ABCF82 /* SDReportTableViewCell.m in Sources */,
				3D4BCC661D374365005177E9 /* SDReportDetailViewController.m in Sources */,
				3D030F561D360B1300ABCF82 /* AppDelegate.m in Sources */,
				3D030F511D360B1300ABCF82 /* SDInfoViewController.m in Sources */,
				3D4BCC631D37433B005177E9 /* SDRTSectionHeaderViewController.m in Sources */,
				3D030F591D360B1300ABCF82 /* SDAddTableViewCell.m in Sources */,
				3D4BCC6D1D375E30005177E9 /* SDUserTableViewCell.m in Sources */,
				3D030F7F1D363D4700ABCF82 /* SDPublic.m in Sources */,
				3D030F641D360B1300ABCF82 /* LoginViewController.m in Sources */,
				3D030F6B1D360B1300ABCF82 /* MBProgressHUD.m in Sources */,
				3D661E9E1D3607F900A9A099 /* main.m in Sources */,
				3D030F691D360B1300ABCF82 /* MBProgressHUD+NJ.m in Sources */,
				3D030F581D360B1300ABCF82 /* SDDashboardViewController.m in Sources */,
			);
			runOnlyForDeploymentPostprocessing = 0;
		};
		3D661EAE1D3607F900A9A099 /* Sources */ = {
			isa = PBXSourcesBuildPhase;
			buildActionMask = 2147483647;
			files = (
				3D661EB71D3607F900A9A099 /* SEMPMobileTests.m in Sources */,
			);
			runOnlyForDeploymentPostprocessing = 0;
		};
		3D661EB91D3607F900A9A099 /* Sources */ = {
			isa = PBXSourcesBuildPhase;
			buildActionMask = 2147483647;
			files = (
				3D661EC21D3607F900A9A099 /* SEMPMobileUITests.m in Sources */,
			);
			runOnlyForDeploymentPostprocessing = 0;
		};
/* End PBXSourcesBuildPhase section */

/* Begin PBXTargetDependency section */
		3D661EB41D3607F900A9A099 /* PBXTargetDependency */ = {
			isa = PBXTargetDependency;
			target = 3D661E981D3607F900A9A099 /* SEMPMobile */;
			targetProxy = 3D661EB31D3607F900A9A099 /* PBXContainerItemProxy */;
		};
		3D661EBF1D3607F900A9A099 /* PBXTargetDependency */ = {
			isa = PBXTargetDependency;
			target = 3D661E981D3607F900A9A099 /* SEMPMobile */;
			targetProxy = 3D661EBE1D3607F900A9A099 /* PBXContainerItemProxy */;
		};
/* End PBXTargetDependency section */

/* Begin PBXVariantGroup section */
		3D661EA51D3607F900A9A099 /* Main.storyboard */ = {
			isa = PBXVariantGroup;
			children = (
				3D661EA61D3607F900A9A099 /* Base */,
			);
			name = Main.storyboard;
			sourceTree = "<group>";
		};
		3D661EAA1D3607F900A9A099 /* LaunchScreen.storyboard */ = {
			isa = PBXVariantGroup;
			children = (
				3D661EAB1D3607F900A9A099 /* Base */,
			);
			name = LaunchScreen.storyboard;
			sourceTree = "<group>";
		};
/* End PBXVariantGroup section */

/* Begin XCBuildConfiguration section */
		3D661EC41D3607F900A9A099 /* Debug */ = {
			isa = XCBuildConfiguration;
			buildSettings = {
				ALWAYS_SEARCH_USER_PATHS = NO;
				CLANG_ANALYZER_NONNULL = YES;
				CLANG_CXX_LANGUAGE_STANDARD = "gnu++0x";
				CLANG_CXX_LIBRARY = "libc++";
				CLANG_ENABLE_MODULES = YES;
				CLANG_ENABLE_OBJC_ARC = YES;
				CLANG_WARN_BOOL_CONVERSION = YES;
				CLANG_WARN_CONSTANT_CONVERSION = YES;
				CLANG_WARN_DIRECT_OBJC_ISA_USAGE = YES_ERROR;
				CLANG_WARN_EMPTY_BODY = YES;
				CLANG_WARN_ENUM_CONVERSION = YES;
				CLANG_WARN_INT_CONVERSION = YES;
				CLANG_WARN_OBJC_ROOT_CLASS = YES_ERROR;
				CLANG_WARN_UNREACHABLE_CODE = YES;
				CLANG_WARN__DUPLICATE_METHOD_MATCH = YES;
				"CODE_SIGN_IDENTITY[sdk=iphoneos*]" = "iPhone Developer";
				COPY_PHASE_STRIP = NO;
				DEBUG_INFORMATION_FORMAT = dwarf;
				ENABLE_STRICT_OBJC_MSGSEND = YES;
				ENABLE_TESTABILITY = YES;
				GCC_C_LANGUAGE_STANDARD = gnu99;
				GCC_DYNAMIC_NO_PIC = NO;
				GCC_NO_COMMON_BLOCKS = YES;
				GCC_OPTIMIZATION_LEVEL = 0;
				GCC_PREPROCESSOR_DEFINITIONS = (
					"DEBUG=1",
					"$(inherited)",
				);
				GCC_WARN_64_TO_32_BIT_CONVERSION = YES;
				GCC_WARN_ABOUT_RETURN_TYPE = YES_ERROR;
				GCC_WARN_UNDECLARED_SELECTOR = YES;
				GCC_WARN_UNINITIALIZED_AUTOS = YES_AGGRESSIVE;
				GCC_WARN_UNUSED_FUNCTION = YES;
				GCC_WARN_UNUSED_VARIABLE = YES;
				IPHONEOS_DEPLOYMENT_TARGET = 9.3;
				MTL_ENABLE_DEBUG_INFO = YES;
				ONLY_ACTIVE_ARCH = YES;
				SDKROOT = iphoneos;
				TARGETED_DEVICE_FAMILY = "1,2";
			};
			name = Debug;
		};
		3D661EC51D3607F900A9A099 /* Release */ = {
			isa = XCBuildConfiguration;
			buildSettings = {
				ALWAYS_SEARCH_USER_PATHS = NO;
				CLANG_ANALYZER_NONNULL = YES;
				CLANG_CXX_LANGUAGE_STANDARD = "gnu++0x";
				CLANG_CXX_LIBRARY = "libc++";
				CLANG_ENABLE_MODULES = YES;
				CLANG_ENABLE_OBJC_ARC = YES;
				CLANG_WARN_BOOL_CONVERSION = YES;
				CLANG_WARN_CONSTANT_CONVERSION = YES;
				CLANG_WARN_DIRECT_OBJC_ISA_USAGE = YES_ERROR;
				CLANG_WARN_EMPTY_BODY = YES;
				CLANG_WARN_ENUM_CONVERSION = YES;
				CLANG_WARN_INT_CONVERSION = YES;
				CLANG_WARN_OBJC_ROOT_CLASS = YES_ERROR;
				CLANG_WARN_UNREACHABLE_CODE = YES;
				CLANG_WARN__DUPLICATE_METHOD_MATCH = YES;
				"CODE_SIGN_IDENTITY[sdk=iphoneos*]" = "iPhone Developer";
				COPY_PHASE_STRIP = NO;
				DEBUG_INFORMATION_FORMAT = "dwarf-with-dsym";
				ENABLE_NS_ASSERTIONS = NO;
				ENABLE_STRICT_OBJC_MSGSEND = YES;
				GCC_C_LANGUAGE_STANDARD = gnu99;
				GCC_NO_COMMON_BLOCKS = YES;
				GCC_WARN_64_TO_32_BIT_CONVERSION = YES;
				GCC_WARN_ABOUT_RETURN_TYPE = YES_ERROR;
				GCC_WARN_UNDECLARED_SELECTOR = YES;
				GCC_WARN_UNINITIALIZED_AUTOS = YES_AGGRESSIVE;
				GCC_WARN_UNUSED_FUNCTION = YES;
				GCC_WARN_UNUSED_VARIABLE = YES;
				IPHONEOS_DEPLOYMENT_TARGET = 9.3;
				MTL_ENABLE_DEBUG_INFO = NO;
				SDKROOT = iphoneos;
				TARGETED_DEVICE_FAMILY = "1,2";
				VALIDATE_PRODUCT = YES;
			};
			name = Release;
		};
		3D661EC71D3607F900A9A099 /* Debug */ = {
			isa = XCBuildConfiguration;
			baseConfigurationReference = AAF8661063224B0AF5E9C25A /* Pods-SEMPMobile.debug.xcconfig */;
			buildSettings = {
				ASSETCATALOG_COMPILER_APPICON_NAME = AppIcon;
				GCC_PRECOMPILE_PREFIX_HEADER = YES;
				GCC_PREFIX_HEADER = "$(SRCROOT)/SEMPMobile/Tools/SEMPMobilePCH.pch";
				INFOPLIST_FILE = SEMPMobile/Info.plist;
				LD_RUNPATH_SEARCH_PATHS = "$(inherited) @executable_path/Frameworks";
				PRODUCT_BUNDLE_IDENTIFIER = Datacvg.SEMPMobile;
				PRODUCT_NAME = "$(TARGET_NAME)";
			};
			name = Debug;
		};
		3D661EC81D3607F900A9A099 /* Release */ = {
			isa = XCBuildConfiguration;
			baseConfigurationReference = 034501B7BEEF9B3697E02E03 /* Pods-SEMPMobile.release.xcconfig */;
			buildSettings = {
				ASSETCATALOG_COMPILER_APPICON_NAME = AppIcon;
				ENABLE_NS_ASSERTIONS = YES;
				GCC_PRECOMPILE_PREFIX_HEADER = YES;
				GCC_PREFIX_HEADER = "$(SRCROOT)/SEMPMobile/Tools/SEMPMobilePCH.pch";
				INFOPLIST_FILE = SEMPMobile/Info.plist;
				LD_RUNPATH_SEARCH_PATHS = "$(inherited) @executable_path/Frameworks";
				PRODUCT_BUNDLE_IDENTIFIER = Datacvg.SEMPMobile;
				PRODUCT_NAME = "$(TARGET_NAME)";
			};
			name = Release;
		};
		3D661ECA1D3607F900A9A099 /* Debug */ = {
			isa = XCBuildConfiguration;
			buildSettings = {
				BUNDLE_LOADER = "$(TEST_HOST)";
				INFOPLIST_FILE = SEMPMobileTests/Info.plist;
				LD_RUNPATH_SEARCH_PATHS = "$(inherited) @executable_path/Frameworks @loader_path/Frameworks";
				PRODUCT_BUNDLE_IDENTIFIER = Datacvg.SEMPMobileTests;
				PRODUCT_NAME = "$(TARGET_NAME)";
				TEST_HOST = "$(BUILT_PRODUCTS_DIR)/SEMPMobile.app/SEMPMobile";
			};
			name = Debug;
		};
		3D661ECB1D3607F900A9A099 /* Release */ = {
			isa = XCBuildConfiguration;
			buildSettings = {
				BUNDLE_LOADER = "$(TEST_HOST)";
				INFOPLIST_FILE = SEMPMobileTests/Info.plist;
				LD_RUNPATH_SEARCH_PATHS = "$(inherited) @executable_path/Frameworks @loader_path/Frameworks";
				PRODUCT_BUNDLE_IDENTIFIER = Datacvg.SEMPMobileTests;
				PRODUCT_NAME = "$(TARGET_NAME)";
				TEST_HOST = "$(BUILT_PRODUCTS_DIR)/SEMPMobile.app/SEMPMobile";
			};
			name = Release;
		};
		3D661ECD1D3607F900A9A099 /* Debug */ = {
			isa = XCBuildConfiguration;
			buildSettings = {
				INFOPLIST_FILE = SEMPMobileUITests/Info.plist;
				LD_RUNPATH_SEARCH_PATHS = "$(inherited) @executable_path/Frameworks @loader_path/Frameworks";
				PRODUCT_BUNDLE_IDENTIFIER = Datacvg.SEMPMobileUITests;
				PRODUCT_NAME = "$(TARGET_NAME)";
				TEST_TARGET_NAME = SEMPMobile;
			};
			name = Debug;
		};
		3D661ECE1D3607F900A9A099 /* Release */ = {
			isa = XCBuildConfiguration;
			buildSettings = {
				INFOPLIST_FILE = SEMPMobileUITests/Info.plist;
				LD_RUNPATH_SEARCH_PATHS = "$(inherited) @executable_path/Frameworks @loader_path/Frameworks";
				PRODUCT_BUNDLE_IDENTIFIER = Datacvg.SEMPMobileUITests;
				PRODUCT_NAME = "$(TARGET_NAME)";
				TEST_TARGET_NAME = SEMPMobile;
			};
			name = Release;
		};
/* End XCBuildConfiguration section */

/* Begin XCConfigurationList section */
		3D661E941D3607F900A9A099 /* Build configuration list for PBXProject "SEMPMobile" */ = {
			isa = XCConfigurationList;
			buildConfigurations = (
				3D661EC41D3607F900A9A099 /* Debug */,
				3D661EC51D3607F900A9A099 /* Release */,
			);
			defaultConfigurationIsVisible = 0;
			defaultConfigurationName = Release;
		};
		3D661EC61D3607F900A9A099 /* Build configuration list for PBXNativeTarget "SEMPMobile" */ = {
			isa = XCConfigurationList;
			buildConfigurations = (
				3D661EC71D3607F900A9A099 /* Debug */,
				3D661EC81D3607F900A9A099 /* Release */,
			);
			defaultConfigurationIsVisible = 0;
			defaultConfigurationName = Release;
		};
		3D661EC91D3607F900A9A099 /* Build configuration list for PBXNativeTarget "SEMPMobileTests" */ = {
			isa = XCConfigurationList;
			buildConfigurations = (
				3D661ECA1D3607F900A9A099 /* Debug */,
				3D661ECB1D3607F900A9A099 /* Release */,
			);
			defaultConfigurationIsVisible = 0;
			defaultConfigurationName = Release;
		};
		3D661ECC1D3607F900A9A099 /* Build configuration list for PBXNativeTarget "SEMPMobileUITests" */ = {
			isa = XCConfigurationList;
			buildConfigurations = (
				3D661ECD1D3607F900A9A099 /* Debug */,
				3D661ECE1D3607F900A9A099 /* Release */,
			);
			defaultConfigurationIsVisible = 0;
			defaultConfigurationName = Release;
		};
/* End XCConfigurationList section */
	};
	rootObject = 3D661E911D3607F900A9A099 /* Project object */;
}
